// !$*UTF8*$!
{
	archiveVersion = 1;
	classes = {
	};
	objectVersion = 55;
	objects = {

/* Begin PBXBuildFile section */
		3E5219D92B8207CF00CC9410 /* ArticlesSearchViewController.swift in Sources */ = {isa = PBXBuildFile; fileRef = 3E5219D82B8207CF00CC9410 /* ArticlesSearchViewController.swift */; };
		3E5219DD2B82ABE600CC9410 /* ArticlesSearchCollectionViewCell.swift in Sources */ = {isa = PBXBuildFile; fileRef = 3E5219DC2B82ABE500CC9410 /* ArticlesSearchCollectionViewCell.swift */; };
		3E71EB5D2B83E563009D8A7F /* ArticlesSearchViewPresenter.swift in Sources */ = {isa = PBXBuildFile; fileRef = 3E71EB5C2B83E563009D8A7F /* ArticlesSearchViewPresenter.swift */; };
		3E71EB5F2B84E8C0009D8A7F /* SourceNewsModel.swift in Sources */ = {isa = PBXBuildFile; fileRef = 3E71EB5E2B84E8C0009D8A7F /* SourceNewsModel.swift */; };
		3EFB91B12B7FA11D00AF1E2B /* AppDelegate.swift in Sources */ = {isa = PBXBuildFile; fileRef = 3EFB91B02B7FA11D00AF1E2B /* AppDelegate.swift */; };
		3EFB91B32B7FA11D00AF1E2B /* SceneDelegate.swift in Sources */ = {isa = PBXBuildFile; fileRef = 3EFB91B22B7FA11D00AF1E2B /* SceneDelegate.swift */; };
		3EFB91B52B7FA11D00AF1E2B /* MainViewController.swift in Sources */ = {isa = PBXBuildFile; fileRef = 3EFB91B42B7FA11D00AF1E2B /* MainViewController.swift */; };
		3EFB91BA2B7FA12100AF1E2B /* Assets.xcassets in Resources */ = {isa = PBXBuildFile; fileRef = 3EFB91B92B7FA12100AF1E2B /* Assets.xcassets */; };
		3EFB91BD2B7FA12100AF1E2B /* LaunchScreen.storyboard in Resources */ = {isa = PBXBuildFile; fileRef = 3EFB91BB2B7FA12100AF1E2B /* LaunchScreen.storyboard */; };
		3EFB91C52B7FA2AF00AF1E2B /* ModuleBuilder.swift in Sources */ = {isa = PBXBuildFile; fileRef = 3EFB91C42B7FA2AF00AF1E2B /* ModuleBuilder.swift */; };
		3EFB91CA2B7FA6D700AF1E2B /* NewsModel.swift in Sources */ = {isa = PBXBuildFile; fileRef = 3EFB91C92B7FA6D700AF1E2B /* NewsModel.swift */; };
		3EFB91CD2B7FA77E00AF1E2B /* GeneralNewsViewController.swift in Sources */ = {isa = PBXBuildFile; fileRef = 3EFB91CC2B7FA77E00AF1E2B /* GeneralNewsViewController.swift */; };
		3EFB91CF2B7FA80F00AF1E2B /* Constants.swift in Sources */ = {isa = PBXBuildFile; fileRef = 3EFB91CE2B7FA80F00AF1E2B /* Constants.swift */; };
		3EFB91D72B7FC41D00AF1E2B /* GeneralNewsPreesenter.swift in Sources */ = {isa = PBXBuildFile; fileRef = 3EFB91D62B7FC41D00AF1E2B /* GeneralNewsPreesenter.swift */; };
		3EFB91D92B7FD94800AF1E2B /* NewsAPINetworkService.swift in Sources */ = {isa = PBXBuildFile; fileRef = 3EFB91D82B7FD94800AF1E2B /* NewsAPINetworkService.swift */; };
		3EFB91DB2B7FDAFC00AF1E2B /* GeneralCollectionViewCell.swift in Sources */ = {isa = PBXBuildFile; fileRef = 3EFB91DA2B7FDAFC00AF1E2B /* GeneralCollectionViewCell.swift */; };
		3EFB91DD2B80008F00AF1E2B /* Helper.swift in Sources */ = {isa = PBXBuildFile; fileRef = 3EFB91DC2B80008E00AF1E2B /* Helper.swift */; };
		3EFB91DF2B80C28D00AF1E2B /* FullScreenNewsViewController.swift in Sources */ = {isa = PBXBuildFile; fileRef = 3EFB91DE2B80C28B00AF1E2B /* FullScreenNewsViewController.swift */; };
/* End PBXBuildFile section */

/* Begin PBXFileReference section */
		3E5219D82B8207CF00CC9410 /* ArticlesSearchViewController.swift */ = {isa = PBXFileReference; lastKnownFileType = sourcecode.swift; path = ArticlesSearchViewController.swift; sourceTree = "<group>"; };
		3E5219DC2B82ABE500CC9410 /* ArticlesSearchCollectionViewCell.swift */ = {isa = PBXFileReference; lastKnownFileType = sourcecode.swift; path = ArticlesSearchCollectionViewCell.swift; sourceTree = "<group>"; };
		3E71EB5C2B83E563009D8A7F /* ArticlesSearchViewPresenter.swift */ = {isa = PBXFileReference; lastKnownFileType = sourcecode.swift; path = ArticlesSearchViewPresenter.swift; sourceTree = "<group>"; };
		3E71EB5E2B84E8C0009D8A7F /* SourceNewsModel.swift */ = {isa = PBXFileReference; lastKnownFileType = sourcecode.swift; path = SourceNewsModel.swift; sourceTree = "<group>"; };
		3EFB91AD2B7FA11D00AF1E2B /* TheTestNews.app */ = {isa = PBXFileReference; explicitFileType = wrapper.application; includeInIndex = 0; path = TheTestNews.app; sourceTree = BUILT_PRODUCTS_DIR; };
		3EFB91B02B7FA11D00AF1E2B /* AppDelegate.swift */ = {isa = PBXFileReference; lastKnownFileType = sourcecode.swift; path = AppDelegate.swift; sourceTree = "<group>"; };
		3EFB91B22B7FA11D00AF1E2B /* SceneDelegate.swift */ = {isa = PBXFileReference; lastKnownFileType = sourcecode.swift; path = SceneDelegate.swift; sourceTree = "<group>"; };
		3EFB91B42B7FA11D00AF1E2B /* MainViewController.swift */ = {isa = PBXFileReference; lastKnownFileType = sourcecode.swift; path = MainViewController.swift; sourceTree = "<group>"; };
		3EFB91B92B7FA12100AF1E2B /* Assets.xcassets */ = {isa = PBXFileReference; lastKnownFileType = folder.assetcatalog; path = Assets.xcassets; sourceTree = "<group>"; };
		3EFB91BC2B7FA12100AF1E2B /* Base */ = {isa = PBXFileReference; lastKnownFileType = file.storyboard; name = Base; path = Base.lproj/LaunchScreen.storyboard; sourceTree = "<group>"; };
		3EFB91BE2B7FA12100AF1E2B /* Info.plist */ = {isa = PBXFileReference; lastKnownFileType = text.plist.xml; path = Info.plist; sourceTree = "<group>"; };
		3EFB91C42B7FA2AF00AF1E2B /* ModuleBuilder.swift */ = {isa = PBXFileReference; lastKnownFileType = sourcecode.swift; path = ModuleBuilder.swift; sourceTree = "<group>"; };
		3EFB91C92B7FA6D700AF1E2B /* NewsModel.swift */ = {isa = PBXFileReference; lastKnownFileType = sourcecode.swift; path = NewsModel.swift; sourceTree = "<group>"; };
		3EFB91CC2B7FA77E00AF1E2B /* GeneralNewsViewController.swift */ = {isa = PBXFileReference; lastKnownFileType = sourcecode.swift; path = GeneralNewsViewController.swift; sourceTree = "<group>"; };
		3EFB91CE2B7FA80F00AF1E2B /* Constants.swift */ = {isa = PBXFileReference; lastKnownFileType = sourcecode.swift; path = Constants.swift; sourceTree = "<group>"; };
		3EFB91D62B7FC41D00AF1E2B /* GeneralNewsPreesenter.swift */ = {isa = PBXFileReference; lastKnownFileType = sourcecode.swift; path = GeneralNewsPreesenter.swift; sourceTree = "<group>"; };
		3EFB91D82B7FD94800AF1E2B /* NewsAPINetworkService.swift */ = {isa = PBXFileReference; lastKnownFileType = sourcecode.swift; path = NewsAPINetworkService.swift; sourceTree = "<group>"; };
		3EFB91DA2B7FDAFC00AF1E2B /* GeneralCollectionViewCell.swift */ = {isa = PBXFileReference; lastKnownFileType = sourcecode.swift; path = GeneralCollectionViewCell.swift; sourceTree = "<group>"; };
		3EFB91DC2B80008E00AF1E2B /* Helper.swift */ = {isa = PBXFileReference; lastKnownFileType = sourcecode.swift; path = Helper.swift; sourceTree = "<group>"; };
		3EFB91DE2B80C28B00AF1E2B /* FullScreenNewsViewController.swift */ = {isa = PBXFileReference; lastKnownFileType = sourcecode.swift; path = FullScreenNewsViewController.swift; sourceTree = "<group>"; };
/* End PBXFileReference section */

/* Begin PBXFrameworksBuildPhase section */
		3EFB91AA2B7FA11D00AF1E2B /* Frameworks */ = {
			isa = PBXFrameworksBuildPhase;
			buildActionMask = 2147483647;
			files = (
			);
			runOnlyForDeploymentPostprocessing = 0;
		};
/* End PBXFrameworksBuildPhase section */

/* Begin PBXGroup section */
		3E5219D72B82076D00CC9410 /* ArticlesSearchModule */ = {
			isa = PBXGroup;
			children = (
				3E71EB5B2B83E500009D8A7F /* Presenter */,
				3E71EB5A2B83E4DE009D8A7F /* Views */,
			);
			path = ArticlesSearchModule;
			sourceTree = "<group>";
		};
		3E71EB5A2B83E4DE009D8A7F /* Views */ = {
			isa = PBXGroup;
			children = (
				3E5219D82B8207CF00CC9410 /* ArticlesSearchViewController.swift */,
				3E5219DC2B82ABE500CC9410 /* ArticlesSearchCollectionViewCell.swift */,
			);
			path = Views;
			sourceTree = "<group>";
		};
		3E71EB5B2B83E500009D8A7F /* Presenter */ = {
			isa = PBXGroup;
			children = (
				3E71EB5C2B83E563009D8A7F /* ArticlesSearchViewPresenter.swift */,
			);
			path = Presenter;
			sourceTree = "<group>";
		};
		3EFB91A42B7FA11D00AF1E2B = {
			isa = PBXGroup;
			children = (
				3EFB91AF2B7FA11D00AF1E2B /* TheTestNews */,
				3EFB91AE2B7FA11D00AF1E2B /* Products */,
			);
			sourceTree = "<group>";
		};
		3EFB91AE2B7FA11D00AF1E2B /* Products */ = {
			isa = PBXGroup;
			children = (
				3EFB91AD2B7FA11D00AF1E2B /* TheTestNews.app */,
			);
			name = Products;
			sourceTree = "<group>";
		};
		3EFB91AF2B7FA11D00AF1E2B /* TheTestNews */ = {
			isa = PBXGroup;
			children = (
				3EFB91B02B7FA11D00AF1E2B /* AppDelegate.swift */,
				3EFB91B22B7FA11D00AF1E2B /* SceneDelegate.swift */,
				3E5219D72B82076D00CC9410 /* ArticlesSearchModule */,
				3EFB91D02B7FAB4900AF1E2B /* GeneralNewsModule */,
				3EFB91C82B7FA67A00AF1E2B /* MainModule */,
				3EFB91E02B810F7600AF1E2B /* Constants */,
				3EFB91E12B810FA800AF1E2B /* NetworkLayer */,
				3EFB91E22B8111CD00AF1E2B /* Helpers */,
				3EFB91C42B7FA2AF00AF1E2B /* ModuleBuilder.swift */,
				3EFB91B92B7FA12100AF1E2B /* Assets.xcassets */,
				3EFB91BB2B7FA12100AF1E2B /* LaunchScreen.storyboard */,
				3EFB91BE2B7FA12100AF1E2B /* Info.plist */,
				3E71EB5E2B84E8C0009D8A7F /* SourceNewsModel.swift */,
			);
			path = TheTestNews;
			sourceTree = "<group>";
		};
		3EFB91C82B7FA67A00AF1E2B /* MainModule */ = {
			isa = PBXGroup;
			children = (
				3EFB91CB2B7FA74700AF1E2B /* Views */,
			);
			path = MainModule;
			sourceTree = "<group>";
		};
		3EFB91CB2B7FA74700AF1E2B /* Views */ = {
			isa = PBXGroup;
			children = (
				3EFB91B42B7FA11D00AF1E2B /* MainViewController.swift */,
			);
			path = Views;
			sourceTree = "<group>";
		};
		3EFB91D02B7FAB4900AF1E2B /* GeneralNewsModule */ = {
			isa = PBXGroup;
			children = (
				3EFB91D32B7FC04100AF1E2B /* Models */,
				3EFB91D22B7FABA900AF1E2B /* Presenter */,
				3EFB91D12B7FAB8500AF1E2B /* Views */,
			);
			path = GeneralNewsModule;
			sourceTree = "<group>";
		};
		3EFB91D12B7FAB8500AF1E2B /* Views */ = {
			isa = PBXGroup;
			children = (
				3EFB91CC2B7FA77E00AF1E2B /* GeneralNewsViewController.swift */,
				3EFB91DA2B7FDAFC00AF1E2B /* GeneralCollectionViewCell.swift */,
				3EFB91DE2B80C28B00AF1E2B /* FullScreenNewsViewController.swift */,
			);
			path = Views;
			sourceTree = "<group>";
		};
		3EFB91D22B7FABA900AF1E2B /* Presenter */ = {
			isa = PBXGroup;
			children = (
				3EFB91D62B7FC41D00AF1E2B /* GeneralNewsPreesenter.swift */,
			);
			path = Presenter;
			sourceTree = "<group>";
		};
		3EFB91D32B7FC04100AF1E2B /* Models */ = {
			isa = PBXGroup;
			children = (
				3EFB91C92B7FA6D700AF1E2B /* NewsModel.swift */,
			);
			path = Models;
			sourceTree = "<group>";
		};
		3EFB91E02B810F7600AF1E2B /* Constants */ = {
			isa = PBXGroup;
			children = (
				3EFB91CE2B7FA80F00AF1E2B /* Constants.swift */,
			);
			path = Constants;
			sourceTree = "<group>";
		};
		3EFB91E12B810FA800AF1E2B /* NetworkLayer */ = {
			isa = PBXGroup;
			children = (
				3EFB91D82B7FD94800AF1E2B /* NewsAPINetworkService.swift */,
			);
			path = NetworkLayer;
			sourceTree = "<group>";
		};
		3EFB91E22B8111CD00AF1E2B /* Helpers */ = {
			isa = PBXGroup;
			children = (
				3EFB91DC2B80008E00AF1E2B /* Helper.swift */,
			);
			path = Helpers;
			sourceTree = "<group>";
		};
/* End PBXGroup section */

/* Begin PBXNativeTarget section */
		3EFB91AC2B7FA11D00AF1E2B /* TheTestNews */ = {
			isa = PBXNativeTarget;
			buildConfigurationList = 3EFB91C12B7FA12100AF1E2B /* Build configuration list for PBXNativeTarget "TheTestNews" */;
			buildPhases = (
				3EFB91A92B7FA11D00AF1E2B /* Sources */,
				3EFB91AA2B7FA11D00AF1E2B /* Frameworks */,
				3EFB91AB2B7FA11D00AF1E2B /* Resources */,
			);
			buildRules = (
			);
			dependencies = (
			);
			name = TheTestNews;
			productName = TheTestNews;
			productReference = 3EFB91AD2B7FA11D00AF1E2B /* TheTestNews.app */;
			productType = "com.apple.product-type.application";
		};
/* End PBXNativeTarget section */

/* Begin PBXProject section */
		3EFB91A52B7FA11D00AF1E2B /* Project object */ = {
			isa = PBXProject;
			attributes = {
				BuildIndependentTargetsInParallel = 1;
				LastSwiftUpdateCheck = 1320;
				LastUpgradeCheck = 1320;
				TargetAttributes = {
					3EFB91AC2B7FA11D00AF1E2B = {
						CreatedOnToolsVersion = 13.2;
					};
				};
			};
			buildConfigurationList = 3EFB91A82B7FA11D00AF1E2B /* Build configuration list for PBXProject "TheTestNews" */;
			compatibilityVersion = "Xcode 13.0";
			developmentRegion = en;
			hasScannedForEncodings = 0;
			knownRegions = (
				en,
				Base,
			);
			mainGroup = 3EFB91A42B7FA11D00AF1E2B;
			productRefGroup = 3EFB91AE2B7FA11D00AF1E2B /* Products */;
			projectDirPath = "";
			projectRoot = "";
			targets = (
				3EFB91AC2B7FA11D00AF1E2B /* TheTestNews */,
			);
		};
/* End PBXProject section */

/* Begin PBXResourcesBuildPhase section */
		3EFB91AB2B7FA11D00AF1E2B /* Resources */ = {
			isa = PBXResourcesBuildPhase;
			buildActionMask = 2147483647;
			files = (
				3EFB91BD2B7FA12100AF1E2B /* LaunchScreen.storyboard in Resources */,
				3EFB91BA2B7FA12100AF1E2B /* Assets.xcassets in Resources */,
			);
			runOnlyForDeploymentPostprocessing = 0;
		};
/* End PBXResourcesBuildPhase section */

/* Begin PBXSourcesBuildPhase section */
		3EFB91A92B7FA11D00AF1E2B /* Sources */ = {
			isa = PBXSourcesBuildPhase;
			buildActionMask = 2147483647;
			files = (
				3E5219DD2B82ABE600CC9410 /* ArticlesSearchCollectionViewCell.swift in Sources */,
				3EFB91B52B7FA11D00AF1E2B /* MainViewController.swift in Sources */,
				3EFB91D72B7FC41D00AF1E2B /* GeneralNewsPreesenter.swift in Sources */,
				3EFB91DF2B80C28D00AF1E2B /* FullScreenNewsViewController.swift in Sources */,
				3EFB91DB2B7FDAFC00AF1E2B /* GeneralCollectionViewCell.swift in Sources */,
				3EFB91B12B7FA11D00AF1E2B /* AppDelegate.swift in Sources */,
				3EFB91CD2B7FA77E00AF1E2B /* GeneralNewsViewController.swift in Sources */,
				3EFB91CA2B7FA6D700AF1E2B /* NewsModel.swift in Sources */,
				3EFB91B32B7FA11D00AF1E2B /* SceneDelegate.swift in Sources */,
				3E71EB5D2B83E563009D8A7F /* ArticlesSearchViewPresenter.swift in Sources */,
				3EFB91C52B7FA2AF00AF1E2B /* ModuleBuilder.swift in Sources */,
				3EFB91D92B7FD94800AF1E2B /* NewsAPINetworkService.swift in Sources */,
				3EFB91CF2B7FA80F00AF1E2B /* Constants.swift in Sources */,
				3EFB91DD2B80008F00AF1E2B /* Helper.swift in Sources */,
				3E5219D92B8207CF00CC9410 /* ArticlesSearchViewController.swift in Sources */,
				3E71EB5F2B84E8C0009D8A7F /* SourceNewsModel.swift in Sources */,
			);
			runOnlyForDeploymentPostprocessing = 0;
		};
/* End PBXSourcesBuildPhase section */

/* Begin PBXVariantGroup section */
		3EFB91BB2B7FA12100AF1E2B /* LaunchScreen.storyboard */ = {
			isa = PBXVariantGroup;
			children = (
				3EFB91BC2B7FA12100AF1E2B /* Base */,
			);
			name = LaunchScreen.storyboard;
			sourceTree = "<group>";
		};
/* End PBXVariantGroup section */

/* Begin XCBuildConfiguration section */
		3EFB91BF2B7FA12100AF1E2B /* Debug */ = {
			isa = XCBuildConfiguration;
			buildSettings = {
				ALWAYS_SEARCH_USER_PATHS = NO;
				CLANG_ANALYZER_NONNULL = YES;
				CLANG_ANALYZER_NUMBER_OBJECT_CONVERSION = YES_AGGRESSIVE;
				CLANG_CXX_LANGUAGE_STANDARD = "gnu++17";
				CLANG_CXX_LIBRARY = "libc++";
				CLANG_ENABLE_MODULES = YES;
				CLANG_ENABLE_OBJC_ARC = YES;
				CLANG_ENABLE_OBJC_WEAK = YES;
				CLANG_WARN_BLOCK_CAPTURE_AUTORELEASING = YES;
				CLANG_WARN_BOOL_CONVERSION = YES;
				CLANG_WARN_COMMA = YES;
				CLANG_WARN_CONSTANT_CONVERSION = YES;
				CLANG_WARN_DEPRECATED_OBJC_IMPLEMENTATIONS = YES;
				CLANG_WARN_DIRECT_OBJC_ISA_USAGE = YES_ERROR;
				CLANG_WARN_DOCUMENTATION_COMMENTS = YES;
				CLANG_WARN_EMPTY_BODY = YES;
				CLANG_WARN_ENUM_CONVERSION = YES;
				CLANG_WARN_INFINITE_RECURSION = YES;
				CLANG_WARN_INT_CONVERSION = YES;
				CLANG_WARN_NON_LITERAL_NULL_CONVERSION = YES;
				CLANG_WARN_OBJC_IMPLICIT_RETAIN_SELF = YES;
				CLANG_WARN_OBJC_LITERAL_CONVERSION = YES;
				CLANG_WARN_OBJC_ROOT_CLASS = YES_ERROR;
				CLANG_WARN_QUOTED_INCLUDE_IN_FRAMEWORK_HEADER = YES;
				CLANG_WARN_RANGE_LOOP_ANALYSIS = YES;
				CLANG_WARN_STRICT_PROTOTYPES = YES;
				CLANG_WARN_SUSPICIOUS_MOVE = YES;
				CLANG_WARN_UNGUARDED_AVAILABILITY = YES_AGGRESSIVE;
				CLANG_WARN_UNREACHABLE_CODE = YES;
				CLANG_WARN__DUPLICATE_METHOD_MATCH = YES;
				COPY_PHASE_STRIP = NO;
				DEBUG_INFORMATION_FORMAT = dwarf;
				ENABLE_STRICT_OBJC_MSGSEND = YES;
				ENABLE_TESTABILITY = YES;
				GCC_C_LANGUAGE_STANDARD = gnu11;
				GCC_DYNAMIC_NO_PIC = NO;
				GCC_NO_COMMON_BLOCKS = YES;
				GCC_OPTIMIZATION_LEVEL = 0;
				GCC_PREPROCESSOR_DEFINITIONS = (
					"DEBUG=1",
					"$(inherited)",
				);
				GCC_WARN_64_TO_32_BIT_CONVERSION = YES;
				GCC_WARN_ABOUT_RETURN_TYPE = YES_ERROR;
				GCC_WARN_UNDECLARED_SELECTOR = YES;
				GCC_WARN_UNINITIALIZED_AUTOS = YES_AGGRESSIVE;
				GCC_WARN_UNUSED_FUNCTION = YES;
				GCC_WARN_UNUSED_VARIABLE = YES;
				IPHONEOS_DEPLOYMENT_TARGET = 15.2;
				MTL_ENABLE_DEBUG_INFO = INCLUDE_SOURCE;
				MTL_FAST_MATH = YES;
				ONLY_ACTIVE_ARCH = YES;
				SDKROOT = iphoneos;
				SWIFT_ACTIVE_COMPILATION_CONDITIONS = DEBUG;
				SWIFT_OPTIMIZATION_LEVEL = "-Onone";
			};
			name = Debug;
		};
		3EFB91C02B7FA12100AF1E2B /* Release */ = {
			isa = XCBuildConfiguration;
			buildSettings = {
				ALWAYS_SEARCH_USER_PATHS = NO;
				CLANG_ANALYZER_NONNULL = YES;
				CLANG_ANALYZER_NUMBER_OBJECT_CONVERSION = YES_AGGRESSIVE;
				CLANG_CXX_LANGUAGE_STANDARD = "gnu++17";
				CLANG_CXX_LIBRARY = "libc++";
				CLANG_ENABLE_MODULES = YES;
				CLANG_ENABLE_OBJC_ARC = YES;
				CLANG_ENABLE_OBJC_WEAK = YES;
				CLANG_WARN_BLOCK_CAPTURE_AUTORELEASING = YES;
				CLANG_WARN_BOOL_CONVERSION = YES;
				CLANG_WARN_COMMA = YES;
				CLANG_WARN_CONSTANT_CONVERSION = YES;
				CLANG_WARN_DEPRECATED_OBJC_IMPLEMENTATIONS = YES;
				CLANG_WARN_DIRECT_OBJC_ISA_USAGE = YES_ERROR;
				CLANG_WARN_DOCUMENTATION_COMMENTS = YES;
				CLANG_WARN_EMPTY_BODY = YES;
				CLANG_WARN_ENUM_CONVERSION = YES;
				CLANG_WARN_INFINITE_RECURSION = YES;
				CLANG_WARN_INT_CONVERSION = YES;
				CLANG_WARN_NON_LITERAL_NULL_CONVERSION = YES;
				CLANG_WARN_OBJC_IMPLICIT_RETAIN_SELF = YES;
				CLANG_WARN_OBJC_LITERAL_CONVERSION = YES;
				CLANG_WARN_OBJC_ROOT_CLASS = YES_ERROR;
				CLANG_WARN_QUOTED_INCLUDE_IN_FRAMEWORK_HEADER = YES;
				CLANG_WARN_RANGE_LOOP_ANALYSIS = YES;
				CLANG_WARN_STRICT_PROTOTYPES = YES;
				CLANG_WARN_SUSPICIOUS_MOVE = YES;
				CLANG_WARN_UNGUARDED_AVAILABILITY = YES_AGGRESSIVE;
				CLANG_WARN_UNREACHABLE_CODE = YES;
				CLANG_WARN__DUPLICATE_METHOD_MATCH = YES;
				COPY_PHASE_STRIP = NO;
				DEBUG_INFORMATION_FORMAT = "dwarf-with-dsym";
				ENABLE_NS_ASSERTIONS = NO;
				ENABLE_STRICT_OBJC_MSGSEND = YES;
				GCC_C_LANGUAGE_STANDARD = gnu11;
				GCC_NO_COMMON_BLOCKS = YES;
				GCC_WARN_64_TO_32_BIT_CONVERSION = YES;
				GCC_WARN_ABOUT_RETURN_TYPE = YES_ERROR;
				GCC_WARN_UNDECLARED_SELECTOR = YES;
				GCC_WARN_UNINITIALIZED_AUTOS = YES_AGGRESSIVE;
				GCC_WARN_UNUSED_FUNCTION = YES;
				GCC_WARN_UNUSED_VARIABLE = YES;
				IPHONEOS_DEPLOYMENT_TARGET = 15.2;
				MTL_ENABLE_DEBUG_INFO = NO;
				MTL_FAST_MATH = YES;
				SDKROOT = iphoneos;
				SWIFT_COMPILATION_MODE = wholemodule;
				SWIFT_OPTIMIZATION_LEVEL = "-O";
				VALIDATE_PRODUCT = YES;
			};
			name = Release;
		};
		3EFB91C22B7FA12100AF1E2B /* Debug */ = {
			isa = XCBuildConfiguration;
			buildSettings = {
				ASSETCATALOG_COMPILER_APPICON_NAME = AppIcon;
				ASSETCATALOG_COMPILER_GLOBAL_ACCENT_COLOR_NAME = AccentColor;
				CODE_SIGN_STYLE = Automatic;
				CURRENT_PROJECT_VERSION = 1;
				GENERATE_INFOPLIST_FILE = YES;
				INFOPLIST_FILE = TheTestNews/Info.plist;
				INFOPLIST_KEY_CFBundleDisplayName = TheTestNews;
				INFOPLIST_KEY_UIApplicationSupportsIndirectInputEvents = YES;
				INFOPLIST_KEY_UILaunchStoryboardName = LaunchScreen;
				INFOPLIST_KEY_UISupportedInterfaceOrientations = UIInterfaceOrientationPortrait;
				INFOPLIST_KEY_UISupportedInterfaceOrientations_iPad = "UIInterfaceOrientationPortrait UIInterfaceOrientationPortraitUpsideDown UIInterfaceOrientationLandscapeLeft UIInterfaceOrientationLandscapeRight";
				INFOPLIST_KEY_UISupportedInterfaceOrientations_iPhone = "UIInterfaceOrientationPortrait UIInterfaceOrientationLandscapeLeft UIInterfaceOrientationLandscapeRight";
				IPHONEOS_DEPLOYMENT_TARGET = 14.0;
				LD_RUNPATH_SEARCH_PATHS = (
					"$(inherited)",
					"@executable_path/Frameworks",
				);
				MARKETING_VERSION = 1.0;
				PRODUCT_BUNDLE_IDENTIFIER = Connect.TheTestNews;
				PRODUCT_NAME = "$(TARGET_NAME)";
				SWIFT_EMIT_LOC_STRINGS = YES;
				SWIFT_VERSION = 5.0;
				TARGETED_DEVICE_FAMILY = 1;
			};
			name = Debug;
		};
		3EFB91C32B7FA12100AF1E2B /* Release */ = {
			isa = XCBuildConfiguration;
			buildSettings = {
				ASSETCATALOG_COMPILER_APPICON_NAME = AppIcon;
				ASSETCATALOG_COMPILER_GLOBAL_ACCENT_COLOR_NAME = AccentColor;
				CODE_SIGN_STYLE = Automatic;
				CURRENT_PROJECT_VERSION = 1;
				GENERATE_INFOPLIST_FILE = YES;
				INFOPLIST_FILE = TheTestNews/Info.plist;
				INFOPLIST_KEY_CFBundleDisplayName = TheTestNews;
				INFOPLIST_KEY_UIApplicationSupportsIndirectInputEvents = YES;
				INFOPLIST_KEY_UILaunchStoryboardName = LaunchScreen;
				INFOPLIST_KEY_UISupportedInterfaceOrientations = UIInterfaceOrientationPortrait;
				INFOPLIST_KEY_UISupportedInterfaceOrientations_iPad = "UIInterfaceOrientationPortrait UIInterfaceOrientationPortraitUpsideDown UIInterfaceOrientationLandscapeLeft UIInterfaceOrientationLandscapeRight";
				INFOPLIST_KEY_UISupportedInterfaceOrientations_iPhone = "UIInterfaceOrientationPortrait UIInterfaceOrientationLandscapeLeft UIInterfaceOrientationLandscapeRight";
				IPHONEOS_DEPLOYMENT_TARGET = 14.0;
				LD_RUNPATH_SEARCH_PATHS = (
					"$(inherited)",
					"@executable_path/Frameworks",
				);
				MARKETING_VERSION = 1.0;
				PRODUCT_BUNDLE_IDENTIFIER = Connect.TheTestNews;
				PRODUCT_NAME = "$(TARGET_NAME)";
				SWIFT_EMIT_LOC_STRINGS = YES;
				SWIFT_VERSION = 5.0;
				TARGETED_DEVICE_FAMILY = 1;
			};
			name = Release;
		};
/* End XCBuildConfiguration section */

/* Begin XCConfigurationList section */
		3EFB91A82B7FA11D00AF1E2B /* Build configuration list for PBXProject "TheTestNews" */ = {
			isa = XCConfigurationList;
			buildConfigurations = (
				3EFB91BF2B7FA12100AF1E2B /* Debug */,
				3EFB91C02B7FA12100AF1E2B /* Release */,
			);
			defaultConfigurationIsVisible = 0;
			defaultConfigurationName = Release;
		};
		3EFB91C12B7FA12100AF1E2B /* Build configuration list for PBXNativeTarget "TheTestNews" */ = {
			isa = XCConfigurationList;
			buildConfigurations = (
				3EFB91C22B7FA12100AF1E2B /* Debug */,
				3EFB91C32B7FA12100AF1E2B /* Release */,
			);
			defaultConfigurationIsVisible = 0;
			defaultConfigurationName = Release;
		};
/* End XCConfigurationList section */
	};
	rootObject = 3EFB91A52B7FA11D00AF1E2B /* Project object */;
}
